91a0f5b31931374c063c6ebcc9acfa42d35220b5c57d9ed474a9782317c833b4  vincula.sh
b3e9063287fe1b032972ed5830017a8e11cb4f3a4dead333b58d6f3d833bd89e  vincula-bootstrap.sh
1f11e19ed6341da3857d461f56067c22937e33ce6017f367c5dc7d486bfa1fdc  bin/vincula
713651b6e76ef56b340d262facef3e3c8703834e23feba1007f0ec2958d3a474  lib/vincula-common.sh
fd7b1268f0e031c3e104eeea09723940a3c7c9839edab884785bbe20795f7a65  lib/legacy_seed.py
fa6642c0a06b0f87aca2a7a2d647631132b1053b58274227827c05bbbfd70565  lib/sing-box-release.sh
bc4dd759e18e899b4c3850183d589a158691b805996b5a6ab06e0ac6e1af2dcd  lib/vincula-accountd.py
98edfd9741fcb4aeae08e24db7c0295d91b68bab3bcbf03edbce20c460b27578  lib/vincula-stats.py
8b96e9be46abd81538c087d105656792068d53a9798c9c8d38e2831562c8e9e4  lib/vincula-audit.py
54e9156fc7669a08714f5ab5759c930e91dec2ea179f9dd9eae21553ff024dee  lib/vincula-backup.py
1a92a00fac2fd4c261824834f055f34acb5870fea55c0d9969a80e4c82c919a7  lib/telemetry_snapshot.py
3e59c8282b2e86344e699652709b0b3b0b9604812efaf94e019578fbdab3f2ad  lib/vincula-accountd.service
