e5ccbc177e99587c94e6fe46ee0b5612171f071bbb8bd2ba848da53f48f7ebaf  vincula.sh
86ed456d809a7a44a8b34cfbc10c2db4c3bbcf55029cf64c272dacde0b0ec01b  vincula-bootstrap.sh
80e6b2c43d1b4620fc4faaa47d377428b2806c85a5a8f8908ab40f50c08ffa29  bin/vincula
9ef5b18f4d0f91e31b6f57ade5f3ac96ffe08bf337c47c0e16fe2e2c5cc09413  lib/vincula-common.sh
cc591363e1f07a66babe59d9dcedac3779350635cc2c2ae5753282807e5c2ea6  lib/vincula-accountd.py
98edfd9741fcb4aeae08e24db7c0295d91b68bab3bcbf03edbce20c460b27578  lib/vincula-stats.py
e4df4cf706aaea4fd1aa19bdb06ff6941aa997a33d948617b156b7f40510aa61  lib/vincula-audit.py
f26a8305809495f7b59f246af34f1cb77666d82fb51e2f129c4f201f2e4828fe  lib/vincula-accountd.service
