0e8b53b2bb3c975deb59a59ca7f3294056c4096afc60553ac4b5625f3c7b5605  vincula.sh
b3e9063287fe1b032972ed5830017a8e11cb4f3a4dead333b58d6f3d833bd89e  vincula-bootstrap.sh
e52aee12fe300817cc0ceb7cd61520dd9e0465c3623b122b566b171ddfae7fbe  bin/vincula
9535df4df02f0ce13d122c1f916212171f8707a667849f66ed7c78d15c080434  lib/vincula-common.sh
fd7b1268f0e031c3e104eeea09723940a3c7c9839edab884785bbe20795f7a65  lib/legacy_seed.py
fa6642c0a06b0f87aca2a7a2d647631132b1053b58274227827c05bbbfd70565  lib/sing-box-release.sh
6d63e6fee9f2189867052ad01d915925a0a245016da836b4741a374642996d05  lib/vincula-accountd.py
5f8bb28271c6199434864c43086f151da517ff196f66d2d2111e59aa30e8072b  lib/accountd_runtime.py
8058cb1318c01840544bccb8f4a26b652a5dbb98cf54bae47846f2bfdf9b98b6  lib/observer.py
ad3c91e355c4a88c8c94c4167b90b13cdc982a96ddfa961f907299bbd96cc48d  lib/vincula-observer.socket
b7c4df6eeeb6d10f24f3121dfbe13c7573ed9a4e857c65ad9fc68fd9929dd457  lib/vincula-observer@.service
98edfd9741fcb4aeae08e24db7c0295d91b68bab3bcbf03edbce20c460b27578  lib/vincula-stats.py
8b96e9be46abd81538c087d105656792068d53a9798c9c8d38e2831562c8e9e4  lib/vincula-audit.py
54e9156fc7669a08714f5ab5759c930e91dec2ea179f9dd9eae21553ff024dee  lib/vincula-backup.py
1a92a00fac2fd4c261824834f055f34acb5870fea55c0d9969a80e4c82c919a7  lib/telemetry_snapshot.py
a00f99800a00f7bc9a017b101c1c70a4b96c56b46f29798a72663626b1a7ac9c  lib/vincula-accountd.service
